Microsoft Visual Studio Solution File, Format Version 12.00
# Visual Studio Version 16
VisualStudioVersion = 16.0.30114.105
MinimumVisualStudioVersion = 10.0.40219.1
Project("{FAE04EC0-301F-11D3-BF4B-00C04F79EFBC}") = "Application", "Application\Application.csproj", "{B7B8CCF7-33B6-4FC0-B0A1-EA5CBA35C271}"
EndProject
Project("{FAE04EC0-301F-11D3-BF4B-00C04F79EFBC}") = "AutoMapper", "AutoMapper\AutoMapper.csproj", "{D7348C11-3893-4761-9810-72CF1A931A95}"
EndProject
Project("{FAE04EC0-301F-11D3-BF4B-00C04F79EFBC}") = "Domain", "Domain\Domain.csproj", "{84E50A42-3051-433D-827E-5B92F34AA15C}"
EndProject
Project("{FAE04EC0-301F-11D3-BF4B-00C04F79EFBC}") = "Infra.Data", "Infra.Data\Infra.Data.csproj", "{EEDE7E0C-5065-4DD5-A868-3B4C201BFE26}"
EndProject
Project("{FAE04EC0-301F-11D3-BF4B-00C04F79EFBC}") = "Infra.Data.Dapper", "Infra.Data.Dapper\Infra.Data.Dapper.csproj", "{4C08583C-A61B-4EC7-AA71-8A51A22CA817}"
EndProject
Project("{FAE04EC0-301F-11D3-BF4B-00C04F79EFBC}") = "Infrastructure.IoC", "Infrastructure.IoC\Infrastructure.IoC.csproj", "{776DED54-349A-4688-816E-6093F4E033A2}"
EndProject
Project("{FAE04EC0-301F-11D3-BF4B-00C04F79EFBC}") = "Utility", "Utility\Utility.csproj", "{CAF373A9-8F6D-424C-B945-1B35846B1461}"
EndProject
Global
	GlobalSection(SolutionConfigurationPlatforms) = preSolution
		Debug|Any CPU = Debug|Any CPU
		Release|Any CPU = Release|Any CPU
	EndGlobalSection
	GlobalSection(SolutionProperties) = preSolution
		HideSolutionNode = FALSE
	EndGlobalSection
	GlobalSection(ProjectConfigurationPlatforms) = postSolution
		{B7B8CCF7-33B6-4FC0-B0A1-EA5CBA35C271}.Debug|Any CPU.ActiveCfg = Debug|Any CPU
		{B7B8CCF7-33B6-4FC0-B0A1-EA5CBA35C271}.Debug|Any CPU.Build.0 = Debug|Any CPU
		{B7B8CCF7-33B6-4FC0-B0A1-EA5CBA35C271}.Release|Any CPU.ActiveCfg = Release|Any CPU
		{B7B8CCF7-33B6-4FC0-B0A1-EA5CBA35C271}.Release|Any CPU.Build.0 = Release|Any CPU
		{D7348C11-3893-4761-9810-72CF1A931A95}.Debug|Any CPU.ActiveCfg = Debug|Any CPU
		{D7348C11-3893-4761-9810-72CF1A931A95}.Debug|Any CPU.Build.0 = Debug|Any CPU
		{D7348C11-3893-4761-9810-72CF1A931A95}.Release|Any CPU.ActiveCfg = Release|Any CPU
		{D7348C11-3893-4761-9810-72CF1A931A95}.Release|Any CPU.Build.0 = Release|Any CPU
		{84E50A42-3051-433D-827E-5B92F34AA15C}.Debug|Any CPU.ActiveCfg = Debug|Any CPU
		{84E50A42-3051-433D-827E-5B92F34AA15C}.Debug|Any CPU.Build.0 = Debug|Any CPU
		{84E50A42-3051-433D-827E-5B92F34AA15C}.Release|Any CPU.ActiveCfg = Release|Any CPU
		{84E50A42-3051-433D-827E-5B92F34AA15C}.Release|Any CPU.Build.0 = Release|Any CPU
		{EEDE7E0C-5065-4DD5-A868-3B4C201BFE26}.Debug|Any CPU.ActiveCfg = Debug|Any CPU
		{EEDE7E0C-5065-4DD5-A868-3B4C201BFE26}.Debug|Any CPU.Build.0 = Debug|Any CPU
		{EEDE7E0C-5065-4DD5-A868-3B4C201BFE26}.Release|Any CPU.ActiveCfg = Release|Any CPU
		{EEDE7E0C-5065-4DD5-A868-3B4C201BFE26}.Release|Any CPU.Build.0 = Release|Any CPU
		{4C08583C-A61B-4EC7-AA71-8A51A22CA817}.Debug|Any CPU.ActiveCfg = Debug|Any CPU
		{4C08583C-A61B-4EC7-AA71-8A51A22CA817}.Debug|Any CPU.Build.0 = Debug|Any CPU
		{4C08583C-A61B-4EC7-AA71-8A51A22CA817}.Release|Any CPU.ActiveCfg = Release|Any CPU
		{4C08583C-A61B-4EC7-AA71-8A51A22CA817}.Release|Any CPU.Build.0 = Release|Any CPU
		{776DED54-349A-4688-816E-6093F4E033A2}.Debug|Any CPU.ActiveCfg = Debug|Any CPU
		{776DED54-349A-4688-816E-6093F4E033A2}.Debug|Any CPU.Build.0 = Debug|Any CPU
		{776DED54-349A-4688-816E-6093F4E033A2}.Release|Any CPU.ActiveCfg = Release|Any CPU
		{776DED54-349A-4688-816E-6093F4E033A2}.Release|Any CPU.Build.0 = Release|Any CPU
		{CAF373A9-8F6D-424C-B945-1B35846B1461}.Debug|Any CPU.ActiveCfg = Debug|Any CPU
		{CAF373A9-8F6D-424C-B945-1B35846B1461}.Debug|Any CPU.Build.0 = Debug|Any CPU
		{CAF373A9-8F6D-424C-B945-1B35846B1461}.Release|Any CPU.ActiveCfg = Release|Any CPU
		{CAF373A9-8F6D-424C-B945-1B35846B1461}.Release|Any CPU.Build.0 = Release|Any CPU
	EndGlobalSection
EndGlobal
